
Microsoft Visual Studio Solution File, Format Version 12.00
# Visual Studio Version 17
VisualStudioVersion = 17.8.34212.112
MinimumVisualStudioVersion = 10.0.40219.1
Project("{FAE04EC0-301F-11D3-BF4B-00C04F79EFBC}") = "ChainOfResp", "ChainOfResp\ChainOfResp.csproj", "{9E4B0B40-96D7-44B0-8723-05C83EF7EE25}"
EndProject
Global
	GlobalSection(SolutionConfigurationPlatforms) = preSolution
		Debug|Any CPU = Debug|Any CPU
		Release|Any CPU = Release|Any CPU
	EndGlobalSection
	GlobalSection(ProjectConfigurationPlatforms) = postSolution
		{9E4B0B40-96D7-44B0-8723-05C83EF7EE25}.Debug|Any CPU.ActiveCfg = Debug|Any CPU
		{9E4B0B40-96D7-44B0-8723-05C83EF7EE25}.Debug|Any CPU.Build.0 = Debug|Any CPU
		{9E4B0B40-96D7-44B0-8723-05C83EF7EE25}.Release|Any CPU.ActiveCfg = Release|Any CPU
		{9E4B0B40-96D7-44B0-8723-05C83EF7EE25}.Release|Any CPU.Build.0 = Release|Any CPU
	EndGlobalSection
	GlobalSection(SolutionProperties) = preSolution
		HideSolutionNode = FALSE
	EndGlobalSection
	GlobalSection(ExtensibilityGlobals) = postSolution
		SolutionGuid = {1EA5BD51-37CB-48EE-89D3-743CD58BE6FE}
	EndGlobalSection
EndGlobal
